
Microsoft Visual Studio Solution File, Format Version 12.00
# Visual Studio Version 17
VisualStudioVersion = 17.8.34330.188
MinimumVisualStudioVersion = 10.0.40219.1
Project("{FAE04EC0-301F-11D3-BF4B-00C04F79EFBC}") = "MealDelivery.WebAPI", "MealDelivery.WebAPI\MealDelivery.WebAPI.csproj", "{8217D366-8C2C-4DAF-AB0E-46B951576F17}"
EndProject
Project("{FAE04EC0-301F-11D3-BF4B-00C04F79EFBC}") = "MealDelivery.Data", "MealDelivery.Data\MealDelivery.Data.csproj", "{F774E5B0-7731-441C-A60F-CB673B2659B8}"
EndProject
Project("{FAE04EC0-301F-11D3-BF4B-00C04F79EFBC}") = "MealDelivery.Models", "MealDelivery.Models\MealDelivery.Models.csproj", "{B341F433-E669-40BA-ABD3-146E6976D76B}"
EndProject
Global
	GlobalSection(SolutionConfigurationPlatforms) = preSolution
		Debug|Any CPU = Debug|Any CPU
		Release|Any CPU = Release|Any CPU
	EndGlobalSection
	GlobalSection(ProjectConfigurationPlatforms) = postSolution
		{8217D366-8C2C-4DAF-AB0E-46B951576F17}.Debug|Any CPU.ActiveCfg = Debug|Any CPU
		{8217D366-8C2C-4DAF-AB0E-46B951576F17}.Debug|Any CPU.Build.0 = Debug|Any CPU
		{8217D366-8C2C-4DAF-AB0E-46B951576F17}.Release|Any CPU.ActiveCfg = Release|Any CPU
		{8217D366-8C2C-4DAF-AB0E-46B951576F17}.Release|Any CPU.Build.0 = Release|Any CPU
		{F774E5B0-7731-441C-A60F-CB673B2659B8}.Debug|Any CPU.ActiveCfg = Debug|Any CPU
		{F774E5B0-7731-441C-A60F-CB673B2659B8}.Debug|Any CPU.Build.0 = Debug|Any CPU
		{F774E5B0-7731-441C-A60F-CB673B2659B8}.Release|Any CPU.ActiveCfg = Release|Any CPU
		{F774E5B0-7731-441C-A60F-CB673B2659B8}.Release|Any CPU.Build.0 = Release|Any CPU
		{B341F433-E669-40BA-ABD3-146E6976D76B}.Debug|Any CPU.ActiveCfg = Debug|Any CPU
		{B341F433-E669-40BA-ABD3-146E6976D76B}.Debug|Any CPU.Build.0 = Debug|Any CPU
		{B341F433-E669-40BA-ABD3-146E6976D76B}.Release|Any CPU.ActiveCfg = Release|Any CPU
		{B341F433-E669-40BA-ABD3-146E6976D76B}.Release|Any CPU.Build.0 = Release|Any CPU
	EndGlobalSection
	GlobalSection(SolutionProperties) = preSolution
		HideSolutionNode = FALSE
	EndGlobalSection
	GlobalSection(ExtensibilityGlobals) = postSolution
		SolutionGuid = {0FFB126F-5B33-4001-B963-2B14AEF3AE9E}
	EndGlobalSection
EndGlobal
